{
  "name": "fancy",
  "version": "1.0.0",
  "lockfileVersion": 3,
  "requires": true,
  "packages": {
    "": {
      "name": "fancy",
      "version": "1.0.0",
      "license": "ISC",
      "workspaces": [
        "apps/*",
        "libs/*",
        "plugins/*"
      ]
    },
    "apps/space": {
      "name": "@fancy/space",
      "version": "1.0.0",
      "license": "ISC",
      "dependencies": {
        "prismjs": "^1.29.0",
        "react": "^18.2.0",
        "react-dom": "^18.2.0"
      }
    },
    "node_modules/@fancy/buyer": {
      "resolved": "plugins/buyer",
      "link": true
    },
    "node_modules/@fancy/seller": {
      "resolved": "plugins/seller",
      "link": true
    },
    "node_modules/@fancy/space": {
      "resolved": "apps/space",
      "link": true
    },
    "node_modules/@tanstack/react-table": {
      "version": "8.10.7",
      "resolved": "https://registry.npmjs.org/@tanstack/react-table/-/react-table-8.10.7.tgz",
      "integrity": "sha512-bXhjA7xsTcsW8JPTTYlUg/FuBpn8MNjiEPhkNhIGCUR6iRQM2+WEco4OBpvDeVcR9SE+bmWLzdfiY7bCbCSVuA==",
      "dependencies": {
        "@tanstack/table-core": "8.10.7"
      },
      "engines": {
        "node": ">=12"
      },
      "funding": {
        "type": "github",
        "url": "https://github.com/sponsors/tannerlinsley"
      },
      "peerDependencies": {
        "react": ">=16",
        "react-dom": ">=16"
      }
    },
    "node_modules/@tanstack/table-core": {
      "version": "8.10.7",
      "resolved": "https://registry.npmjs.org/@tanstack/table-core/-/table-core-8.10.7.tgz",
      "integrity": "sha512-KQk5OMg5OH6rmbHZxuNROvdI+hKDIUxANaHlV+dPlNN7ED3qYQ/WkpY2qlXww1SIdeMlkIhpN/2L00rof0fXFw==",
      "engines": {
        "node": ">=12"
      },
      "funding": {
        "type": "github",
        "url": "https://github.com/sponsors/tannerlinsley"
      }
    },
    "node_modules/@types/codeflask": {
      "version": "1.4.6",
      "resolved": "https://registry.npmjs.org/@types/codeflask/-/codeflask-1.4.6.tgz",
      "integrity": "sha512-4oooz5URNbL2VBCcEUPbWjq0wS9p9KUHN9FtxBEy07V3yy/tgn9yImhbmzy4LO6dH0UfmvJiGVKZXlGwm3bY/w==",
      "dependencies": {
        "@types/prismjs": "*"
      }
    },
    "node_modules/@types/prismjs": {
      "version": "1.26.3",
      "resolved": "https://registry.npmjs.org/@types/prismjs/-/prismjs-1.26.3.tgz",
      "integrity": "sha512-A0D0aTXvjlqJ5ZILMz3rNfDBOx9hHxLZYv2by47Sm/pqW35zzjusrZTryatjN/Rf8Us2gZrJD+KeHbUSTux1Cw=="
    },
    "node_modules/codeflask": {
      "version": "1.4.1",
      "resolved": "https://registry.npmjs.org/codeflask/-/codeflask-1.4.1.tgz",
      "integrity": "sha512-4vb2IbE/iwvP0Uubhd2ixVeysm3KNC2pl7SoDaisxq1juhZzvap3qbaX7B2CtpQVvv5V9sjcQK8hO0eTcY0V9Q==",
      "dependencies": {
        "@types/prismjs": "^1.9.1",
        "prismjs": "^1.14.0"
      }
    },
    "node_modules/js-tokens": {
      "version": "4.0.0",
      "resolved": "https://registry.npmjs.org/js-tokens/-/js-tokens-4.0.0.tgz",
      "integrity": "sha512-RdJUflcE3cUzKiMqQgsCu06FPu9UdIJO0beYbPhHN4k6apgJtifcoCtT9bcxOpYBtpD2kCM6Sbzg4CausW/PKQ=="
    },
    "node_modules/loose-envify": {
      "version": "1.4.0",
      "resolved": "https://registry.npmjs.org/loose-envify/-/loose-envify-1.4.0.tgz",
      "integrity": "sha512-lyuxPGr/Wfhrlem2CL/UcnUc1zcqKAImBDzukY7Y5F/yQiNdko6+fRLevlw1HgMySw7f611UIY408EtxRSoK3Q==",
      "dependencies": {
        "js-tokens": "^3.0.0 || ^4.0.0"
      },
      "bin": {
        "loose-envify": "cli.js"
      }
    },
    "node_modules/prismjs": {
      "version": "1.29.0",
      "resolved": "https://registry.npmjs.org/prismjs/-/prismjs-1.29.0.tgz",
      "integrity": "sha512-Kx/1w86q/epKcmte75LNrEoT+lX8pBpavuAbvJWRXar7Hz8jrtF+e3vY751p0R8H9HdArwaCTNDDzHg/ScJK1Q==",
      "engines": {
        "node": ">=6"
      }
    },
    "node_modules/react": {
      "version": "18.2.0",
      "resolved": "https://registry.npmjs.org/react/-/react-18.2.0.tgz",
      "integrity": "sha512-/3IjMdb2L9QbBdWiW5e3P2/npwMBaU9mHCSCUzNln0ZCYbcfTsGbTJrU/kGemdH2IWmB2ioZ+zkxtmq6g09fGQ==",
      "dependencies": {
        "loose-envify": "^1.1.0"
      },
      "engines": {
        "node": ">=0.10.0"
      }
    },
    "node_modules/react-dom": {
      "version": "18.2.0",
      "resolved": "https://registry.npmjs.org/react-dom/-/react-dom-18.2.0.tgz",
      "integrity": "sha512-6IMTriUmvsjHUjNtEDudZfuDQUoWXVxKHhlEGSk81n4YFS+r/Kl99wXiwlVXtPBtJenozv2P+hxDsw9eA7Xo6g==",
      "dependencies": {
        "loose-envify": "^1.1.0",
        "scheduler": "^0.23.0"
      },
      "peerDependencies": {
        "react": "^18.2.0"
      }
    },
    "node_modules/scheduler": {
      "version": "0.23.0",
      "resolved": "https://registry.npmjs.org/scheduler/-/scheduler-0.23.0.tgz",
      "integrity": "sha512-CtuThmgHNg7zIZWAXi3AsyIzA3n4xx7aNyjwC2VJldO2LMVDhFK+63xGqq6CsJH4rTAt6/M+N4GhZiDYPx9eUw==",
      "dependencies": {
        "loose-envify": "^1.1.0"
      }
    },
    "plugins/buyer": {
      "name": "@fancy/buyer",
      "version": "1.0.0",
      "license": "ISC",
      "dependencies": {
        "@tanstack/react-table": "^8.10.7"
      }
    },
    "plugins/seller": {
      "name": "@fancy/seller",
      "version": "1.0.0",
      "license": "ISC",
      "dependencies": {
        "@tanstack/react-table": "^8.10.7",
        "@types/codeflask": "^1.4.4",
        "codeflask": "^1.4.1"
      }
    }
  }
}
